
Microsoft Visual Studio Solution File, Format Version 12.00
# Visual Studio Version 17
VisualStudioVersion = 17.14.36616.10 d17.14
MinimumVisualStudioVersion = 10.0.40219.1
Project("{FAE04EC0-301F-11D3-BF4B-00C04F79EFBC}") = "Hospital.API", "Hospital.API\Hospital.API.csproj", "{B9497A5D-1CB4-45D6-AE20-69DF0D137CB4}"
EndProject
Project("{FAE04EC0-301F-11D3-BF4B-00C04F79EFBC}") = "Hospital.Data", "Hospital.Data\Hospital.Data.csproj", "{8115D082-F0E6-434A-8FF4-308326DDC997}"
EndProject
Project("{FAE04EC0-301F-11D3-BF4B-00C04F79EFBC}") = "Hospital.Service", "Hospital.Service\Hospital.Service.csproj", "{3D481E02-9B53-4DEF-99DA-FE32C159590B}"
EndProject
Project("{FAE04EC0-301F-11D3-BF4B-00C04F79EFBC}") = "Hospital.Infrustructure", "Hospital.Infrustructure\Hospital.Infrustructure.csproj", "{FEDA05C5-2A4A-4E46-87D4-9ACF014AF826}"
EndProject
Project("{FAE04EC0-301F-11D3-BF4B-00C04F79EFBC}") = "Hospital.core", "Hospital.core\Hospital.core.csproj", "{83FDC965-A168-44EA-B4DF-17671A112D81}"
EndProject
Global
	GlobalSection(SolutionConfigurationPlatforms) = preSolution
		Debug|Any CPU = Debug|Any CPU
		Release|Any CPU = Release|Any CPU
	EndGlobalSection
	GlobalSection(ProjectConfigurationPlatforms) = postSolution
		{B9497A5D-1CB4-45D6-AE20-69DF0D137CB4}.Debug|Any CPU.ActiveCfg = Debug|Any CPU
		{B9497A5D-1CB4-45D6-AE20-69DF0D137CB4}.Debug|Any CPU.Build.0 = Debug|Any CPU
		{B9497A5D-1CB4-45D6-AE20-69DF0D137CB4}.Release|Any CPU.ActiveCfg = Release|Any CPU
		{B9497A5D-1CB4-45D6-AE20-69DF0D137CB4}.Release|Any CPU.Build.0 = Release|Any CPU
		{8115D082-F0E6-434A-8FF4-308326DDC997}.Debug|Any CPU.ActiveCfg = Debug|Any CPU
		{8115D082-F0E6-434A-8FF4-308326DDC997}.Debug|Any CPU.Build.0 = Debug|Any CPU
		{8115D082-F0E6-434A-8FF4-308326DDC997}.Release|Any CPU.ActiveCfg = Release|Any CPU
		{8115D082-F0E6-434A-8FF4-308326DDC997}.Release|Any CPU.Build.0 = Release|Any CPU
		{3D481E02-9B53-4DEF-99DA-FE32C159590B}.Debug|Any CPU.ActiveCfg = Debug|Any CPU
		{3D481E02-9B53-4DEF-99DA-FE32C159590B}.Debug|Any CPU.Build.0 = Debug|Any CPU
		{3D481E02-9B53-4DEF-99DA-FE32C159590B}.Release|Any CPU.ActiveCfg = Release|Any CPU
		{3D481E02-9B53-4DEF-99DA-FE32C159590B}.Release|Any CPU.Build.0 = Release|Any CPU
		{FEDA05C5-2A4A-4E46-87D4-9ACF014AF826}.Debug|Any CPU.ActiveCfg = Debug|Any CPU
		{FEDA05C5-2A4A-4E46-87D4-9ACF014AF826}.Debug|Any CPU.Build.0 = Debug|Any CPU
		{FEDA05C5-2A4A-4E46-87D4-9ACF014AF826}.Release|Any CPU.ActiveCfg = Release|Any CPU
		{FEDA05C5-2A4A-4E46-87D4-9ACF014AF826}.Release|Any CPU.Build.0 = Release|Any CPU
		{83FDC965-A168-44EA-B4DF-17671A112D81}.Debug|Any CPU.ActiveCfg = Debug|Any CPU
		{83FDC965-A168-44EA-B4DF-17671A112D81}.Debug|Any CPU.Build.0 = Debug|Any CPU
		{83FDC965-A168-44EA-B4DF-17671A112D81}.Release|Any CPU.ActiveCfg = Release|Any CPU
		{83FDC965-A168-44EA-B4DF-17671A112D81}.Release|Any CPU.Build.0 = Release|Any CPU
	EndGlobalSection
	GlobalSection(SolutionProperties) = preSolution
		HideSolutionNode = FALSE
	EndGlobalSection
	GlobalSection(ExtensibilityGlobals) = postSolution
		SolutionGuid = {428154D0-CC9C-44C3-82D2-A7022F8766B2}
	EndGlobalSection
EndGlobal
